// !$*UTF8*$!
{
	archiveVersion = 1;
	classes = {
	};
	objectVersion = 50;
	objects = {

/* Begin PBXBuildFile section */
		18F41E7524D09DFE00309C6F /* AppDelegate.swift in Sources */ = {isa = PBXBuildFile; fileRef = 18F41E7424D09DFE00309C6F /* AppDelegate.swift */; };
		18F41E7724D09DFE00309C6F /* SceneDelegate.swift in Sources */ = {isa = PBXBuildFile; fileRef = 18F41E7624D09DFE00309C6F /* SceneDelegate.swift */; };
		18F41E7924D09DFE00309C6F /* ViewController.swift in Sources */ = {isa = PBXBuildFile; fileRef = 18F41E7824D09DFE00309C6F /* ViewController.swift */; };
		18F41E7C24D09DFE00309C6F /* Main.storyboard in Resources */ = {isa = PBXBuildFile; fileRef = 18F41E7A24D09DFE00309C6F /* Main.storyboard */; };
		18F41E7F24D09DFE00309C6F /* FinalProject.xcdatamodeld in Sources */ = {isa = PBXBuildFile; fileRef = 18F41E7D24D09DFE00309C6F /* FinalProject.xcdatamodeld */; };
		18F41E8124D09E0000309C6F /* Assets.xcassets in Resources */ = {isa = PBXBuildFile; fileRef = 18F41E8024D09E0000309C6F /* Assets.xcassets */; };
		18F41E8424D09E0000309C6F /* LaunchScreen.storyboard in Resources */ = {isa = PBXBuildFile; fileRef = 18F41E8224D09E0000309C6F /* LaunchScreen.storyboard */; };
		18F41E8F24D09E0000309C6F /* FinalProjectTests.swift in Sources */ = {isa = PBXBuildFile; fileRef = 18F41E8E24D09E0000309C6F /* FinalProjectTests.swift */; };
		18F41E9A24D09E0000309C6F /* FinalProjectUITests.swift in Sources */ = {isa = PBXBuildFile; fileRef = 18F41E9924D09E0000309C6F /* FinalProjectUITests.swift */; };
/* End PBXBuildFile section */

/* Begin PBXContainerItemProxy section */
		18F41E8B24D09E0000309C6F /* PBXContainerItemProxy */ = {
			isa = PBXContainerItemProxy;
			containerPortal = 18F41E6924D09DFE00309C6F /* Project object */;
			proxyType = 1;
			remoteGlobalIDString = 18F41E7024D09DFE00309C6F;
			remoteInfo = FinalProject;
		};
		18F41E9624D09E0000309C6F /* PBXContainerItemProxy */ = {
			isa = PBXContainerItemProxy;
			containerPortal = 18F41E6924D09DFE00309C6F /* Project object */;
			proxyType = 1;
			remoteGlobalIDString = 18F41E7024D09DFE00309C6F;
			remoteInfo = FinalProject;
		};
/* End PBXContainerItemProxy section */

/* Begin PBXFileReference section */
		18F41E7124D09DFE00309C6F /* FinalProject.app */ = {isa = PBXFileReference; explicitFileType = wrapper.application; includeInIndex = 0; path = FinalProject.app; sourceTree = BUILT_PRODUCTS_DIR; };
		18F41E7424D09DFE00309C6F /* AppDelegate.swift */ = {isa = PBXFileReference; lastKnownFileType = sourcecode.swift; path = AppDelegate.swift; sourceTree = "<group>"; };
		18F41E7624D09DFE00309C6F /* SceneDelegate.swift */ = {isa = PBXFileReference; lastKnownFileType = sourcecode.swift; path = SceneDelegate.swift; sourceTree = "<group>"; };
		18F41E7824D09DFE00309C6F /* ViewController.swift */ = {isa = PBXFileReference; lastKnownFileType = sourcecode.swift; path = ViewController.swift; sourceTree = "<group>"; };
		18F41E7B24D09DFE00309C6F /* Base */ = {isa = PBXFileReference; lastKnownFileType = file.storyboard; name = Base; path = Base.lproj/Main.storyboard; sourceTree = "<group>"; };
		18F41E7E24D09DFE00309C6F /* FinalProject.xcdatamodel */ = {isa = PBXFileReference; lastKnownFileType = wrapper.xcdatamodel; path = FinalProject.xcdatamodel; sourceTree = "<group>"; };
		18F41E8024D09E0000309C6F /* Assets.xcassets */ = {isa = PBXFileReference; lastKnownFileType = folder.assetcatalog; path = Assets.xcassets; sourceTree = "<group>"; };
		18F41E8324D09E0000309C6F /* Base */ = {isa = PBXFileReference; lastKnownFileType = file.storyboard; name = Base; path = Base.lproj/LaunchScreen.storyboard; sourceTree = "<group>"; };
		18F41E8524D09E0000309C6F /* Info.plist */ = {isa = PBXFileReference; lastKnownFileType = text.plist.xml; path = Info.plist; sourceTree = "<group>"; };
		18F41E8A24D09E0000309C6F /* FinalProjectTests.xctest */ = {isa = PBXFileReference; explicitFileType = wrapper.cfbundle; includeInIndex = 0; path = FinalProjectTests.xctest; sourceTree = BUILT_PRODUCTS_DIR; };
		18F41E8E24D09E0000309C6F /* FinalProjectTests.swift */ = {isa = PBXFileReference; lastKnownFileType = sourcecode.swift; path = FinalProjectTests.swift; sourceTree = "<group>"; };
		18F41E9024D09E0000309C6F /* Info.plist */ = {isa = PBXFileReference; lastKnownFileType = text.plist.xml; path = Info.plist; sourceTree = "<group>"; };
		18F41E9524D09E0000309C6F /* FinalProjectUITests.xctest */ = {isa = PBXFileReference; explicitFileType = wrapper.cfbundle; includeInIndex = 0; path = FinalProjectUITests.xctest; sourceTree = BUILT_PRODUCTS_DIR; };
		18F41E9924D09E0000309C6F /* FinalProjectUITests.swift */ = {isa = PBXFileReference; lastKnownFileType = sourcecode.swift; path = FinalProjectUITests.swift; sourceTree = "<group>"; };
		18F41E9B24D09E0000309C6F /* Info.plist */ = {isa = PBXFileReference; lastKnownFileType = text.plist.xml; path = Info.plist; sourceTree = "<group>"; };
/* End PBXFileReference section */

/* Begin PBXFrameworksBuildPhase section */
		18F41E6E24D09DFE00309C6F /* Frameworks */ = {
			isa = PBXFrameworksBuildPhase;
			buildActionMask = 2147483647;
			files = (
			);
			runOnlyForDeploymentPostprocessing = 0;
		};
		18F41E8724D09E0000309C6F /* Frameworks */ = {
			isa = PBXFrameworksBuildPhase;
			buildActionMask = 2147483647;
			files = (
			);
			runOnlyForDeploymentPostprocessing = 0;
		};
		18F41E9224D09E0000309C6F /* Frameworks */ = {
			isa = PBXFrameworksBuildPhase;
			buildActionMask = 2147483647;
			files = (
			);
			runOnlyForDeploymentPostprocessing = 0;
		};
/* End PBXFrameworksBuildPhase section */

/* Begin PBXGroup section */
		18F41E6824D09DFE00309C6F = {
			isa = PBXGroup;
			children = (
				18F41E7324D09DFE00309C6F /* FinalProject */,
				18F41E8D24D09E0000309C6F /* FinalProjectTests */,
				18F41E9824D09E0000309C6F /* FinalProjectUITests */,
				18F41E7224D09DFE00309C6F /* Products */,
			);
			sourceTree = "<group>";
		};
		18F41E7224D09DFE00309C6F /* Products */ = {
			isa = PBXGroup;
			children = (
				18F41E7124D09DFE00309C6F /* FinalProject.app */,
				18F41E8A24D09E0000309C6F /* FinalProjectTests.xctest */,
				18F41E9524D09E0000309C6F /* FinalProjectUITests.xctest */,
			);
			name = Products;
			sourceTree = "<group>";
		};
		18F41E7324D09DFE00309C6F /* FinalProject */ = {
			isa = PBXGroup;
			children = (
				18F41E7424D09DFE00309C6F /* AppDelegate.swift */,
				18F41E7624D09DFE00309C6F /* SceneDelegate.swift */,
				18F41E7824D09DFE00309C6F /* ViewController.swift */,
				18F41E7A24D09DFE00309C6F /* Main.storyboard */,
				18F41E8024D09E0000309C6F /* Assets.xcassets */,
				18F41E8224D09E0000309C6F /* LaunchScreen.storyboard */,
				18F41E8524D09E0000309C6F /* Info.plist */,
				18F41E7D24D09DFE00309C6F /* FinalProject.xcdatamodeld */,
			);
			path = FinalProject;
			sourceTree = "<group>";
		};
		18F41E8D24D09E0000309C6F /* FinalProjectTests */ = {
			isa = PBXGroup;
			children = (
				18F41E8E24D09E0000309C6F /* FinalProjectTests.swift */,
				18F41E9024D09E0000309C6F /* Info.plist */,
			);
			path = FinalProjectTests;
			sourceTree = "<group>";
		};
		18F41E9824D09E0000309C6F /* FinalProjectUITests */ = {
			isa = PBXGroup;
			children = (
				18F41E9924D09E0000309C6F /* FinalProjectUITests.swift */,
				18F41E9B24D09E0000309C6F /* Info.plist */,
			);
			path = FinalProjectUITests;
			sourceTree = "<group>";
		};
/* End PBXGroup section */

/* Begin PBXNativeTarget section */
		18F41E7024D09DFE00309C6F /* FinalProject */ = {
			isa = PBXNativeTarget;
			buildConfigurationList = 18F41E9E24D09E0000309C6F /* Build configuration list for PBXNativeTarget "FinalProject" */;
			buildPhases = (
				18F41E6D24D09DFE00309C6F /* Sources */,
				18F41E6E24D09DFE00309C6F /* Frameworks */,
				18F41E6F24D09DFE00309C6F /* Resources */,
			);
			buildRules = (
			);
			dependencies = (
			);
			name = FinalProject;
			productName = FinalProject;
			productReference = 18F41E7124D09DFE00309C6F /* FinalProject.app */;
			productType = "com.apple.product-type.application";
		};
		18F41E8924D09E0000309C6F /* FinalProjectTests */ = {
			isa = PBXNativeTarget;
			buildConfigurationList = 18F41EA124D09E0000309C6F /* Build configuration list for PBXNativeTarget "FinalProjectTests" */;
			buildPhases = (
				18F41E8624D09E0000309C6F /* Sources */,
				18F41E8724D09E0000309C6F /* Frameworks */,
				18F41E8824D09E0000309C6F /* Resources */,
			);
			buildRules = (
			);
			dependencies = (
				18F41E8C24D09E0000309C6F /* PBXTargetDependency */,
			);
			name = FinalProjectTests;
			productName = FinalProjectTests;
			productReference = 18F41E8A24D09E0000309C6F /* FinalProjectTests.xctest */;
			productType = "com.apple.product-type.bundle.unit-test";
		};
		18F41E9424D09E0000309C6F /* FinalProjectUITests */ = {
			isa = PBXNativeTarget;
			buildConfigurationList = 18F41EA424D09E0000309C6F /* Build configuration list for PBXNativeTarget "FinalProjectUITests" */;
			buildPhases = (
				18F41E9124D09E0000309C6F /* Sources */,
				18F41E9224D09E0000309C6F /* Frameworks */,
				18F41E9324D09E0000309C6F /* Resources */,
			);
			buildRules = (
			);
			dependencies = (
				18F41E9724D09E0000309C6F /* PBXTargetDependency */,
			);
			name = FinalProjectUITests;
			productName = FinalProjectUITests;
			productReference = 18F41E9524D09E0000309C6F /* FinalProjectUITests.xctest */;
			productType = "com.apple.product-type.bundle.ui-testing";
		};
/* End PBXNativeTarget section */

/* Begin PBXProject section */
		18F41E6924D09DFE00309C6F /* Project object */ = {
			isa = PBXProject;
			attributes = {
				LastSwiftUpdateCheck = 1150;
				LastUpgradeCheck = 1150;
				ORGANIZATIONNAME = KWK;
				TargetAttributes = {
					18F41E7024D09DFE00309C6F = {
						CreatedOnToolsVersion = 11.5;
					};
					18F41E8924D09E0000309C6F = {
						CreatedOnToolsVersion = 11.5;
						TestTargetID = 18F41E7024D09DFE00309C6F;
					};
					18F41E9424D09E0000309C6F = {
						CreatedOnToolsVersion = 11.5;
						TestTargetID = 18F41E7024D09DFE00309C6F;
					};
				};
			};
			buildConfigurationList = 18F41E6C24D09DFE00309C6F /* Build configuration list for PBXProject "FinalProject" */;
			compatibilityVersion = "Xcode 9.3";
			developmentRegion = en;
			hasScannedForEncodings = 0;
			knownRegions = (
				en,
				Base,
			);
			mainGroup = 18F41E6824D09DFE00309C6F;
			productRefGroup = 18F41E7224D09DFE00309C6F /* Products */;
			projectDirPath = "";
			projectRoot = "";
			targets = (
				18F41E7024D09DFE00309C6F /* FinalProject */,
				18F41E8924D09E0000309C6F /* FinalProjectTests */,
				18F41E9424D09E0000309C6F /* FinalProjectUITests */,
			);
		};
/* End PBXProject section */

/* Begin PBXResourcesBuildPhase section */
		18F41E6F24D09DFE00309C6F /* Resources */ = {
			isa = PBXResourcesBuildPhase;
			buildActionMask = 2147483647;
			files = (
				18F41E8424D09E0000309C6F /* LaunchScreen.storyboard in Resources */,
				18F41E8124D09E0000309C6F /* Assets.xcassets in Resources */,
				18F41E7C24D09DFE00309C6F /* Main.storyboard in Resources */,
			);
			runOnlyForDeploymentPostprocessing = 0;
		};
		18F41E8824D09E0000309C6F /* Resources */ = {
			isa = PBXResourcesBuildPhase;
			buildActionMask = 2147483647;
			files = (
			);
			runOnlyForDeploymentPostprocessing = 0;
		};
		18F41E9324D09E0000309C6F /* Resources */ = {
			isa = PBXResourcesBuildPhase;
			buildActionMask = 2147483647;
			files = (
			);
			runOnlyForDeploymentPostprocessing = 0;
		};
/* End PBXResourcesBuildPhase section */

/* Begin PBXSourcesBuildPhase section */
		18F41E6D24D09DFE00309C6F /* Sources */ = {
			isa = PBXSourcesBuildPhase;
			buildActionMask = 2147483647;
			files = (
				18F41E7924D09DFE00309C6F /* ViewController.swift in Sources */,
				18F41E7524D09DFE00309C6F /* AppDelegate.swift in Sources */,
				18F41E7F24D09DFE00309C6F /* FinalProject.xcdatamodeld in Sources */,
				18F41E7724D09DFE00309C6F /* SceneDelegate.swift in Sources */,
			);
			runOnlyForDeploymentPostprocessing = 0;
		};
		18F41E8624D09E0000309C6F /* Sources */ = {
			isa = PBXSourcesBuildPhase;
			buildActionMask = 2147483647;
			files = (
				18F41E8F24D09E0000309C6F /* FinalProjectTests.swift in Sources */,
			);
			runOnlyForDeploymentPostprocessing = 0;
		};
		18F41E9124D09E0000309C6F /* Sources */ = {
			isa = PBXSourcesBuildPhase;
			buildActionMask = 2147483647;
			files = (
				18F41E9A24D09E0000309C6F /* FinalProjectUITests.swift in Sources */,
			);
			runOnlyForDeploymentPostprocessing = 0;
		};
/* End PBXSourcesBuildPhase section */

/* Begin PBXTargetDependency section */
		18F41E8C24D09E0000309C6F /* PBXTargetDependency */ = {
			isa = PBXTargetDependency;
			target = 18F41E7024D09DFE00309C6F /* FinalProject */;
			targetProxy = 18F41E8B24D09E0000309C6F /* PBXContainerItemProxy */;
		};
		18F41E9724D09E0000309C6F /* PBXTargetDependency */ = {
			isa = PBXTargetDependency;
			target = 18F41E7024D09DFE00309C6F /* FinalProject */;
			targetProxy = 18F41E9624D09E0000309C6F /* PBXContainerItemProxy */;
		};
/* End PBXTargetDependency section */

/* Begin PBXVariantGroup section */
		18F41E7A24D09DFE00309C6F /* Main.storyboard */ = {
			isa = PBXVariantGroup;
			children = (
				18F41E7B24D09DFE00309C6F /* Base */,
			);
			name = Main.storyboard;
			sourceTree = "<group>";
		};
		18F41E8224D09E0000309C6F /* LaunchScreen.storyboard */ = {
			isa = PBXVariantGroup;
			children = (
				18F41E8324D09E0000309C6F /* Base */,
			);
			name = LaunchScreen.storyboard;
			sourceTree = "<group>";
		};
/* End PBXVariantGroup section */

/* Begin XCBuildConfiguration section */
		18F41E9C24D09E0000309C6F /* Debug */ = {
			isa = XCBuildConfiguration;
			buildSettings = {
				ALWAYS_SEARCH_USER_PATHS = NO;
				CLANG_ANALYZER_NONNULL = YES;
				CLANG_ANALYZER_NUMBER_OBJECT_CONVERSION = YES_AGGRESSIVE;
				CLANG_CXX_LANGUAGE_STANDARD = "gnu++14";
				CLANG_CXX_LIBRARY = "libc++";
				CLANG_ENABLE_MODULES = YES;
				CLANG_ENABLE_OBJC_ARC = YES;
				CLANG_ENABLE_OBJC_WEAK = YES;
				CLANG_WARN_BLOCK_CAPTURE_AUTORELEASING = YES;
				CLANG_WARN_BOOL_CONVERSION = YES;
				CLANG_WARN_COMMA = YES;
				CLANG_WARN_CONSTANT_CONVERSION = YES;
				CLANG_WARN_DEPRECATED_OBJC_IMPLEMENTATIONS = YES;
				CLANG_WARN_DIRECT_OBJC_ISA_USAGE = YES_ERROR;
				CLANG_WARN_DOCUMENTATION_COMMENTS = YES;
				CLANG_WARN_EMPTY_BODY = YES;
				CLANG_WARN_ENUM_CONVERSION = YES;
				CLANG_WARN_INFINITE_RECURSION = YES;
				CLANG_WARN_INT_CONVERSION = YES;
				CLANG_WARN_NON_LITERAL_NULL_CONVERSION = YES;
				CLANG_WARN_OBJC_IMPLICIT_RETAIN_SELF = YES;
				CLANG_WARN_OBJC_LITERAL_CONVERSION = YES;
				CLANG_WARN_OBJC_ROOT_CLASS = YES_ERROR;
				CLANG_WARN_RANGE_LOOP_ANALYSIS = YES;
				CLANG_WARN_STRICT_PROTOTYPES = YES;
				CLANG_WARN_SUSPICIOUS_MOVE = YES;
				CLANG_WARN_UNGUARDED_AVAILABILITY = YES_AGGRESSIVE;
				CLANG_WARN_UNREACHABLE_CODE = YES;
				CLANG_WARN__DUPLICATE_METHOD_MATCH = YES;
				COPY_PHASE_STRIP = NO;
				DEBUG_INFORMATION_FORMAT = dwarf;
				ENABLE_STRICT_OBJC_MSGSEND = YES;
				ENABLE_TESTABILITY = YES;
				GCC_C_LANGUAGE_STANDARD = gnu11;
				GCC_DYNAMIC_NO_PIC = NO;
				GCC_NO_COMMON_BLOCKS = YES;
				GCC_OPTIMIZATION_LEVEL = 0;
				GCC_PREPROCESSOR_DEFINITIONS = (
					"DEBUG=1",
					"$(inherited)",
				);
				GCC_WARN_64_TO_32_BIT_CONVERSION = YES;
				GCC_WARN_ABOUT_RETURN_TYPE = YES_ERROR;
				GCC_WARN_UNDECLARED_SELECTOR = YES;
				GCC_WARN_UNINITIALIZED_AUTOS = YES_AGGRESSIVE;
				GCC_WARN_UNUSED_FUNCTION = YES;
				GCC_WARN_UNUSED_VARIABLE = YES;
				IPHONEOS_DEPLOYMENT_TARGET = 13.5;
				MTL_ENABLE_DEBUG_INFO = INCLUDE_SOURCE;
				MTL_FAST_MATH = YES;
				ONLY_ACTIVE_ARCH = YES;
				SDKROOT = iphoneos;
				SWIFT_ACTIVE_COMPILATION_CONDITIONS = DEBUG;
				SWIFT_OPTIMIZATION_LEVEL = "-Onone";
			};
			name = Debug;
		};
		18F41E9D24D09E0000309C6F /* Release */ = {
			isa = XCBuildConfiguration;
			buildSettings = {
				ALWAYS_SEARCH_USER_PATHS = NO;
				CLANG_ANALYZER_NONNULL = YES;
				CLANG_ANALYZER_NUMBER_OBJECT_CONVERSION = YES_AGGRESSIVE;
				CLANG_CXX_LANGUAGE_STANDARD = "gnu++14";
				CLANG_CXX_LIBRARY = "libc++";
				CLANG_ENABLE_MODULES = YES;
				CLANG_ENABLE_OBJC_ARC = YES;
				CLANG_ENABLE_OBJC_WEAK = YES;
				CLANG_WARN_BLOCK_CAPTURE_AUTORELEASING = YES;
				CLANG_WARN_BOOL_CONVERSION = YES;
				CLANG_WARN_COMMA = YES;
				CLANG_WARN_CONSTANT_CONVERSION = YES;
				CLANG_WARN_DEPRECATED_OBJC_IMPLEMENTATIONS = YES;
				CLANG_WARN_DIRECT_OBJC_ISA_USAGE = YES_ERROR;
				CLANG_WARN_DOCUMENTATION_COMMENTS = YES;
				CLANG_WARN_EMPTY_BODY = YES;
				CLANG_WARN_ENUM_CONVERSION = YES;
				CLANG_WARN_INFINITE_RECURSION = YES;
				CLANG_WARN_INT_CONVERSION = YES;
				CLANG_WARN_NON_LITERAL_NULL_CONVERSION = YES;
				CLANG_WARN_OBJC_IMPLICIT_RETAIN_SELF = YES;
				CLANG_WARN_OBJC_LITERAL_CONVERSION = YES;
				CLANG_WARN_OBJC_ROOT_CLASS = YES_ERROR;
				CLANG_WARN_RANGE_LOOP_ANALYSIS = YES;
				CLANG_WARN_STRICT_PROTOTYPES = YES;
				CLANG_WARN_SUSPICIOUS_MOVE = YES;
				CLANG_WARN_UNGUARDED_AVAILABILITY = YES_AGGRESSIVE;
				CLANG_WARN_UNREACHABLE_CODE = YES;
				CLANG_WARN__DUPLICATE_METHOD_MATCH = YES;
				COPY_PHASE_STRIP = NO;
				DEBUG_INFORMATION_FORMAT = "dwarf-with-dsym";
				ENABLE_NS_ASSERTIONS = NO;
				ENABLE_STRICT_OBJC_MSGSEND = YES;
				GCC_C_LANGUAGE_STANDARD = gnu11;
				GCC_NO_COMMON_BLOCKS = YES;
				GCC_WARN_64_TO_32_BIT_CONVERSION = YES;
				GCC_WARN_ABOUT_RETURN_TYPE = YES_ERROR;
				GCC_WARN_UNDECLARED_SELECTOR = YES;
				GCC_WARN_UNINITIALIZED_AUTOS = YES_AGGRESSIVE;
				GCC_WARN_UNUSED_FUNCTION = YES;
				GCC_WARN_UNUSED_VARIABLE = YES;
				IPHONEOS_DEPLOYMENT_TARGET = 13.5;
				MTL_ENABLE_DEBUG_INFO = NO;
				MTL_FAST_MATH = YES;
				SDKROOT = iphoneos;
				SWIFT_COMPILATION_MODE = wholemodule;
				SWIFT_OPTIMIZATION_LEVEL = "-O";
				VALIDATE_PRODUCT = YES;
			};
			name = Release;
		};
		18F41E9F24D09E0000309C6F /* Debug */ = {
			isa = XCBuildConfiguration;
			buildSettings = {
				ASSETCATALOG_COMPILER_APPICON_NAME = AppIcon;
				CODE_SIGN_STYLE = Automatic;
				INFOPLIST_FILE = FinalProject/Info.plist;
				LD_RUNPATH_SEARCH_PATHS = (
					"$(inherited)",
					"@executable_path/Frameworks",
				);
				PRODUCT_BUNDLE_IDENTIFIER = "Sienna-Yazdi.FinalProject";
				PRODUCT_NAME = "$(TARGET_NAME)";
				SWIFT_VERSION = 5.0;
				TARGETED_DEVICE_FAMILY = "1,2";
			};
			name = Debug;
		};
		18F41EA024D09E0000309C6F /* Release */ = {
			isa = XCBuildConfiguration;
			buildSettings = {
				ASSETCATALOG_COMPILER_APPICON_NAME = AppIcon;
				CODE_SIGN_STYLE = Automatic;
				INFOPLIST_FILE = FinalProject/Info.plist;
				LD_RUNPATH_SEARCH_PATHS = (
					"$(inherited)",
					"@executable_path/Frameworks",
				);
				PRODUCT_BUNDLE_IDENTIFIER = "Sienna-Yazdi.FinalProject";
				PRODUCT_NAME = "$(TARGET_NAME)";
				SWIFT_VERSION = 5.0;
				TARGETED_DEVICE_FAMILY = "1,2";
			};
			name = Release;
		};
		18F41EA224D09E0000309C6F /* Debug */ = {
			isa = XCBuildConfiguration;
			buildSettings = {
				ALWAYS_EMBED_SWIFT_STANDARD_LIBRARIES = YES;
				BUNDLE_LOADER = "$(TEST_HOST)";
				CODE_SIGN_STYLE = Automatic;
				INFOPLIST_FILE = FinalProjectTests/Info.plist;
				IPHONEOS_DEPLOYMENT_TARGET = 13.5;
				LD_RUNPATH_SEARCH_PATHS = (
					"$(inherited)",
					"@executable_path/Frameworks",
					"@loader_path/Frameworks",
				);
				PRODUCT_BUNDLE_IDENTIFIER = "Sienna-Yazdi.FinalProjectTests";
				PRODUCT_NAME = "$(TARGET_NAME)";
				SWIFT_VERSION = 5.0;
				TARGETED_DEVICE_FAMILY = "1,2";
				TEST_HOST = "$(BUILT_PRODUCTS_DIR)/FinalProject.app/FinalProject";
			};
			name = Debug;
		};
		18F41EA324D09E0000309C6F /* Release */ = {
			isa = XCBuildConfiguration;
			buildSettings = {
				ALWAYS_EMBED_SWIFT_STANDARD_LIBRARIES = YES;
				BUNDLE_LOADER = "$(TEST_HOST)";
				CODE_SIGN_STYLE = Automatic;
				INFOPLIST_FILE = FinalProjectTests/Info.plist;
				IPHONEOS_DEPLOYMENT_TARGET = 13.5;
				LD_RUNPATH_SEARCH_PATHS = (
					"$(inherited)",
					"@executable_path/Frameworks",
					"@loader_path/Frameworks",
				);
				PRODUCT_BUNDLE_IDENTIFIER = "Sienna-Yazdi.FinalProjectTests";
				PRODUCT_NAME = "$(TARGET_NAME)";
				SWIFT_VERSION = 5.0;
				TARGETED_DEVICE_FAMILY = "1,2";
				TEST_HOST = "$(BUILT_PRODUCTS_DIR)/FinalProject.app/FinalProject";
			};
			name = Release;
		};
		18F41EA524D09E0000309C6F /* Debug */ = {
			isa = XCBuildConfiguration;
			buildSettings = {
				ALWAYS_EMBED_SWIFT_STANDARD_LIBRARIES = YES;
				CODE_SIGN_STYLE = Automatic;
				INFOPLIST_FILE = FinalProjectUITests/Info.plist;
				LD_RUNPATH_SEARCH_PATHS = (
					"$(inherited)",
					"@executable_path/Frameworks",
					"@loader_path/Frameworks",
				);
				PRODUCT_BUNDLE_IDENTIFIER = "Sienna-Yazdi.FinalProjectUITests";
				PRODUCT_NAME = "$(TARGET_NAME)";
				SWIFT_VERSION = 5.0;
				TARGETED_DEVICE_FAMILY = "1,2";
				TEST_TARGET_NAME = FinalProject;
			};
			name = Debug;
		};
		18F41EA624D09E0000309C6F /* Release */ = {
			isa = XCBuildConfiguration;
			buildSettings = {
				ALWAYS_EMBED_SWIFT_STANDARD_LIBRARIES = YES;
				CODE_SIGN_STYLE = Automatic;
				INFOPLIST_FILE = FinalProjectUITests/Info.plist;
				LD_RUNPATH_SEARCH_PATHS = (
					"$(inherited)",
					"@executable_path/Frameworks",
					"@loader_path/Frameworks",
				);
				PRODUCT_BUNDLE_IDENTIFIER = "Sienna-Yazdi.FinalProjectUITests";
				PRODUCT_NAME = "$(TARGET_NAME)";
				SWIFT_VERSION = 5.0;
				TARGETED_DEVICE_FAMILY = "1,2";
				TEST_TARGET_NAME = FinalProject;
			};
			name = Release;
		};
/* End XCBuildConfiguration section */

/* Begin XCConfigurationList section */
		18F41E6C24D09DFE00309C6F /* Build configuration list for PBXProject "FinalProject" */ = {
			isa = XCConfigurationList;
			buildConfigurations = (
				18F41E9C24D09E0000309C6F /* Debug */,
				18F41E9D24D09E0000309C6F /* Release */,
			);
			defaultConfigurationIsVisible = 0;
			defaultConfigurationName = Release;
		};
		18F41E9E24D09E0000309C6F /* Build configuration list for PBXNativeTarget "FinalProject" */ = {
			isa = XCConfigurationList;
			buildConfigurations = (
				18F41E9F24D09E0000309C6F /* Debug */,
				18F41EA024D09E0000309C6F /* Release */,
			);
			defaultConfigurationIsVisible = 0;
			defaultConfigurationName = Release;
		};
		18F41EA124D09E0000309C6F /* Build configuration list for PBXNativeTarget "FinalProjectTests" */ = {
			isa = XCConfigurationList;
			buildConfigurations = (
				18F41EA224D09E0000309C6F /* Debug */,
				18F41EA324D09E0000309C6F /* Release */,
			);
			defaultConfigurationIsVisible = 0;
			defaultConfigurationName = Release;
		};
		18F41EA424D09E0000309C6F /* Build configuration list for PBXNativeTarget "FinalProjectUITests" */ = {
			isa = XCConfigurationList;
			buildConfigurations = (
				18F41EA524D09E0000309C6F /* Debug */,
				18F41EA624D09E0000309C6F /* Release */,
			);
			defaultConfigurationIsVisible = 0;
			defaultConfigurationName = Release;
		};
/* End XCConfigurationList section */

/* Begin XCVersionGroup section */
		18F41E7D24D09DFE00309C6F /* FinalProject.xcdatamodeld */ = {
			isa = XCVersionGroup;
			children = (
				18F41E7E24D09DFE00309C6F /* FinalProject.xcdatamodel */,
			);
			currentVersion = 18F41E7E24D09DFE00309C6F /* FinalProject.xcdatamodel */;
			path = FinalProject.xcdatamodeld;
			sourceTree = "<group>";
			versionGroupType = wrapper.xcdatamodel;
		};
/* End XCVersionGroup section */
	};
	rootObject = 18F41E6924D09DFE00309C6F /* Project object */;
}
